
Microsoft Visual Studio Solution File, Format Version 12.00
# Visual Studio Version 17
VisualStudioVersion = 17.2.32602.215
MinimumVisualStudioVersion = 10.0.40219.1
Project("{FAE04EC0-301F-11D3-BF4B-00C04F79EFBC}") = "WorkerService1", "WorkerService1\WorkerService1.csproj", "{56E2535D-345D-4DF0-A237-F74E4D5768B3}"
EndProject
Global
	GlobalSection(SolutionConfigurationPlatforms) = preSolution
		Debug|Any CPU = Debug|Any CPU
		Release|Any CPU = Release|Any CPU
	EndGlobalSection
	GlobalSection(ProjectConfigurationPlatforms) = postSolution
		{56E2535D-345D-4DF0-A237-F74E4D5768B3}.Debug|Any CPU.ActiveCfg = Debug|Any CPU
		{56E2535D-345D-4DF0-A237-F74E4D5768B3}.Debug|Any CPU.Build.0 = Debug|Any CPU
		{56E2535D-345D-4DF0-A237-F74E4D5768B3}.Release|Any CPU.ActiveCfg = Release|Any CPU
		{56E2535D-345D-4DF0-A237-F74E4D5768B3}.Release|Any CPU.Build.0 = Release|Any CPU
	EndGlobalSection
	GlobalSection(SolutionProperties) = preSolution
		HideSolutionNode = FALSE
	EndGlobalSection
	GlobalSection(ExtensibilityGlobals) = postSolution
		SolutionGuid = {6B3964AF-F224-4B58-9E53-064EFDB2AEE1}
	EndGlobalSection
EndGlobal
